
Microsoft Visual Studio Solution File, Format Version 12.00
# Visual Studio Version 17
VisualStudioVersion = 17.9.34728.123
MinimumVisualStudioVersion = 10.0.40219.1
Project("{FAE04EC0-301F-11D3-BF4B-00C04F79EFBC}") = "IEEE_Task2", "IEEE_Task2\IEEE_Task2.csproj", "{48409C49-B641-4DB4-8658-027AC93D4A93}"
EndProject
Global
	GlobalSection(SolutionConfigurationPlatforms) = preSolution
		Debug|Any CPU = Debug|Any CPU
		Release|Any CPU = Release|Any CPU
	EndGlobalSection
	GlobalSection(ProjectConfigurationPlatforms) = postSolution
		{48409C49-B641-4DB4-8658-027AC93D4A93}.Debug|Any CPU.ActiveCfg = Debug|Any CPU
		{48409C49-B641-4DB4-8658-027AC93D4A93}.Debug|Any CPU.Build.0 = Debug|Any CPU
		{48409C49-B641-4DB4-8658-027AC93D4A93}.Release|Any CPU.ActiveCfg = Release|Any CPU
		{48409C49-B641-4DB4-8658-027AC93D4A93}.Release|Any CPU.Build.0 = Release|Any CPU
	EndGlobalSection
	GlobalSection(SolutionProperties) = preSolution
		HideSolutionNode = FALSE
	EndGlobalSection
	GlobalSection(ExtensibilityGlobals) = postSolution
		SolutionGuid = {C5EF9F41-0789-4EBC-842B-037E8AB6B0A8}
	EndGlobalSection
EndGlobal
